
Microsoft Visual Studio Solution File, Format Version 12.00
# Visual Studio Version 17
VisualStudioVersion = 17.11.35327.3
MinimumVisualStudioVersion = 10.0.40219.1
Project("{9A19103F-16F7-4668-BE54-9A1E7A4F7556}") = "GetCurrentTeams", "GetCurrentTeams.csproj", "{3222EFDE-7B59-440B-906C-61D22B7C8837}"
EndProject
Project("{9A19103F-16F7-4668-BE54-9A1E7A4F7556}") = "Shared", "..\..\Shared\Shared.csproj", "{D078C9DE-1B4D-4A65-ADE2-6EF213424929}"
EndProject
Project("{9A19103F-16F7-4668-BE54-9A1E7A4F7556}") = "GetCurrentTeams.Application", "..\GetCurrentTeams.Application\GetCurrentTeams.Application.csproj", "{BF743DDB-A915-4703-AEFF-1DA218A44445}"
EndProject
Project("{FAE04EC0-301F-11D3-BF4B-00C04F79EFBC}") = "GetCurrentTeams.Infrastructure", "..\GetCurrentTeams.Infrastructure\GetCurrentTeams.Infrastructure.csproj", "{522DCF70-3C9C-43CA-A04C-272F84831680}"
EndProject
Project("{FAE04EC0-301F-11D3-BF4B-00C04F79EFBC}") = "GetCurrentTeams.Core", "..\GetCurrentTeams.Domain\GetCurrentTeams.Core.csproj", "{649FD398-8E85-427C-8070-2D15D69EC4B0}"
EndProject
Global
	GlobalSection(SolutionConfigurationPlatforms) = preSolution
		Debug|Any CPU = Debug|Any CPU
		Release|Any CPU = Release|Any CPU
	EndGlobalSection
	GlobalSection(ProjectConfigurationPlatforms) = postSolution
		{3222EFDE-7B59-440B-906C-61D22B7C8837}.Debug|Any CPU.ActiveCfg = Debug|Any CPU
		{3222EFDE-7B59-440B-906C-61D22B7C8837}.Debug|Any CPU.Build.0 = Debug|Any CPU
		{3222EFDE-7B59-440B-906C-61D22B7C8837}.Release|Any CPU.ActiveCfg = Release|Any CPU
		{3222EFDE-7B59-440B-906C-61D22B7C8837}.Release|Any CPU.Build.0 = Release|Any CPU
		{D078C9DE-1B4D-4A65-ADE2-6EF213424929}.Debug|Any CPU.ActiveCfg = Debug|Any CPU
		{D078C9DE-1B4D-4A65-ADE2-6EF213424929}.Debug|Any CPU.Build.0 = Debug|Any CPU
		{D078C9DE-1B4D-4A65-ADE2-6EF213424929}.Release|Any CPU.ActiveCfg = Release|Any CPU
		{D078C9DE-1B4D-4A65-ADE2-6EF213424929}.Release|Any CPU.Build.0 = Release|Any CPU
		{BF743DDB-A915-4703-AEFF-1DA218A44445}.Debug|Any CPU.ActiveCfg = Debug|Any CPU
		{BF743DDB-A915-4703-AEFF-1DA218A44445}.Debug|Any CPU.Build.0 = Debug|Any CPU
		{BF743DDB-A915-4703-AEFF-1DA218A44445}.Release|Any CPU.ActiveCfg = Release|Any CPU
		{BF743DDB-A915-4703-AEFF-1DA218A44445}.Release|Any CPU.Build.0 = Release|Any CPU
		{522DCF70-3C9C-43CA-A04C-272F84831680}.Debug|Any CPU.ActiveCfg = Debug|Any CPU
		{522DCF70-3C9C-43CA-A04C-272F84831680}.Debug|Any CPU.Build.0 = Debug|Any CPU
		{522DCF70-3C9C-43CA-A04C-272F84831680}.Release|Any CPU.ActiveCfg = Release|Any CPU
		{522DCF70-3C9C-43CA-A04C-272F84831680}.Release|Any CPU.Build.0 = Release|Any CPU
		{649FD398-8E85-427C-8070-2D15D69EC4B0}.Debug|Any CPU.ActiveCfg = Debug|Any CPU
		{649FD398-8E85-427C-8070-2D15D69EC4B0}.Debug|Any CPU.Build.0 = Debug|Any CPU
		{649FD398-8E85-427C-8070-2D15D69EC4B0}.Release|Any CPU.ActiveCfg = Release|Any CPU
		{649FD398-8E85-427C-8070-2D15D69EC4B0}.Release|Any CPU.Build.0 = Release|Any CPU
	EndGlobalSection
	GlobalSection(SolutionProperties) = preSolution
		HideSolutionNode = FALSE
	EndGlobalSection
	GlobalSection(ExtensibilityGlobals) = postSolution
		SolutionGuid = {44186E24-89C4-48C3-86C3-6A04A4235965}
	EndGlobalSection
EndGlobal
